// !$*UTF8*$!
{
	archiveVersion = 1;
	classes = {
	};
	objectVersion = 71;
	objects = {

/* Begin PBXBuildFile section */
		7B0000012C00000000000001 /* GroupTripApp.swift in Sources */ = {isa = PBXBuildFile; fileRef = 7B0000012C00000000000011 /* GroupTripApp.swift */; };
		7B0000012C00000000000002 /* ContentView.swift in Sources */ = {isa = PBXBuildFile; fileRef = 7B0000012C00000000000012 /* ContentView.swift */; };
		7B0000012C00000000000003 /* TripExpenseCalculator.swift in Sources */ = {isa = PBXBuildFile; fileRef = 7B0000012C00000000000013 /* TripExpenseCalculator.swift */; };
		7B0000012C00000000000004 /* TripCalculatorViewModel.swift in Sources */ = {isa = PBXBuildFile; fileRef = 7B0000012C00000000000014 /* TripCalculatorViewModel.swift */; };
		7B0000012C00000000000006 /* TripExpenseCalculatorTests.swift in Sources */ = {isa = PBXBuildFile; fileRef = 7B0000012C00000000000016 /* TripExpenseCalculatorTests.swift */; };
		7B0000012C00000000000060 /* SupabaseConfig.swift in Sources */ = {isa = PBXBuildFile; fileRef = 7B0000012C00000000000064 /* SupabaseConfig.swift */; };
		7B0000012C00000000000061 /* AuthViewModel.swift in Sources */ = {isa = PBXBuildFile; fileRef = 7B0000012C00000000000065 /* AuthViewModel.swift */; };
		7B0000012C00000000000062 /* AuthViews.swift in Sources */ = {isa = PBXBuildFile; fileRef = 7B0000012C00000000000066 /* AuthViews.swift */; };
		7B0000012C00000000000063 /* SupabaseTripService.swift in Sources */ = {isa = PBXBuildFile; fileRef = 7B0000012C00000000000067 /* SupabaseTripService.swift */; };
		7B0000012C00000000000068 /* Supabase in Frameworks */ = {isa = PBXBuildFile; productRef = 7B0000012C0000000000006A /* Supabase */; };
		7B0000012C00000000000070 /* TripStore.swift in Sources */ = {isa = PBXBuildFile; fileRef = 7B0000012C00000000000080 /* TripStore.swift */; };
		7B0000012C00000000000071 /* TripModels.swift in Sources */ = {isa = PBXBuildFile; fileRef = 7B0000012C00000000000081 /* TripModels.swift */; };
		7B0000012C00000000000072 /* AppTheme.swift in Sources */ = {isa = PBXBuildFile; fileRef = 7B0000012C00000000000082 /* AppTheme.swift */; };
		7B0000012C00000000000073 /* TripDashboardView.swift in Sources */ = {isa = PBXBuildFile; fileRef = 7B0000012C00000000000083 /* TripDashboardView.swift */; };
		7B0000012C00000000000074 /* TripSummaryView.swift in Sources */ = {isa = PBXBuildFile; fileRef = 7B0000012C00000000000084 /* TripSummaryView.swift */; };
		7B0000012C00000000000075 /* ExpenseViews.swift in Sources */ = {isa = PBXBuildFile; fileRef = 7B0000012C00000000000085 /* ExpenseViews.swift */; };
		7B0000012C00000000000076 /* PeopleViews.swift in Sources */ = {isa = PBXBuildFile; fileRef = 7B0000012C00000000000086 /* PeopleViews.swift */; };
		7B0000012C00000000000077 /* TripForms.swift in Sources */ = {isa = PBXBuildFile; fileRef = 7B0000012C00000000000087 /* TripForms.swift */; };
		7B0000012C00000000000078 /* SharedViews.swift in Sources */ = {isa = PBXBuildFile; fileRef = 7B0000012C00000000000088 /* SharedViews.swift */; };
		7B0000012C00000000000079 /* TripPlacesView.swift in Sources */ = {isa = PBXBuildFile; fileRef = 7B0000012C00000000000089 /* TripPlacesView.swift */; };
		7B0000012C0000000000007A /* TripPlanningView.swift in Sources */ = {isa = PBXBuildFile; fileRef = 7B0000012C0000000000008A /* TripPlanningView.swift */; };
		7B0000012C0000000000008B /* TripCollaborationModelsTests.swift in Sources */ = {isa = PBXBuildFile; fileRef = 7B0000012C0000000000008C /* TripCollaborationModelsTests.swift */; };
		7B0000012C0000000000008D /* TripCollaborationModels.swift in Sources */ = {isa = PBXBuildFile; fileRef = 7B0000012C0000000000008E /* TripCollaborationModels.swift */; };
/* End PBXBuildFile section */

/* Begin PBXContainerItemProxy section */
		7B0000012C00000000000007 /* PBXContainerItemProxy */ = {
			isa = PBXContainerItemProxy;
			containerPortal = 7B0000012C00000000000020 /* Project object */;
			proxyType = 1;
			remoteGlobalIDString = 7B0000012C00000000000030;
			remoteInfo = GroupTripApp;
		};
/* End PBXContainerItemProxy section */

/* Begin PBXFileReference section */
		7B0000012C00000000000008 /* GroupTripApp.app */ = {isa = PBXFileReference; explicitFileType = wrapper.application; includeInIndex = 0; path = GroupTripApp.app; sourceTree = BUILT_PRODUCTS_DIR; };
		7B0000012C00000000000009 /* GroupTripAppTests.xctest */ = {isa = PBXFileReference; explicitFileType = wrapper.cfbundle; includeInIndex = 0; path = GroupTripAppTests.xctest; sourceTree = BUILT_PRODUCTS_DIR; };
		7B0000012C00000000000011 /* GroupTripApp.swift */ = {isa = PBXFileReference; lastKnownFileType = sourcecode.swift; path = GroupTripApp.swift; sourceTree = "<group>"; };
		7B0000012C00000000000012 /* ContentView.swift */ = {isa = PBXFileReference; lastKnownFileType = sourcecode.swift; path = ContentView.swift; sourceTree = "<group>"; };
		7B0000012C00000000000013 /* TripExpenseCalculator.swift */ = {isa = PBXFileReference; lastKnownFileType = sourcecode.swift; path = TripExpenseCalculator.swift; sourceTree = "<group>"; };
		7B0000012C00000000000014 /* TripCalculatorViewModel.swift */ = {isa = PBXFileReference; lastKnownFileType = sourcecode.swift; path = TripCalculatorViewModel.swift; sourceTree = "<group>"; };
		7B0000012C00000000000016 /* TripExpenseCalculatorTests.swift */ = {isa = PBXFileReference; lastKnownFileType = sourcecode.swift; path = TripExpenseCalculatorTests.swift; sourceTree = "<group>"; };
		7B0000012C00000000000064 /* SupabaseConfig.swift */ = {isa = PBXFileReference; lastKnownFileType = sourcecode.swift; path = SupabaseConfig.swift; sourceTree = "<group>"; };
		7B0000012C00000000000065 /* AuthViewModel.swift */ = {isa = PBXFileReference; lastKnownFileType = sourcecode.swift; path = AuthViewModel.swift; sourceTree = "<group>"; };
		7B0000012C00000000000066 /* AuthViews.swift */ = {isa = PBXFileReference; lastKnownFileType = sourcecode.swift; path = AuthViews.swift; sourceTree = "<group>"; };
		7B0000012C00000000000067 /* SupabaseTripService.swift */ = {isa = PBXFileReference; lastKnownFileType = sourcecode.swift; path = SupabaseTripService.swift; sourceTree = "<group>"; };
		7B0000012C00000000000080 /* TripStore.swift */ = {isa = PBXFileReference; lastKnownFileType = sourcecode.swift; path = TripStore.swift; sourceTree = "<group>"; };
		7B0000012C00000000000081 /* TripModels.swift */ = {isa = PBXFileReference; lastKnownFileType = sourcecode.swift; path = TripModels.swift; sourceTree = "<group>"; };
		7B0000012C00000000000082 /* AppTheme.swift */ = {isa = PBXFileReference; lastKnownFileType = sourcecode.swift; path = AppTheme.swift; sourceTree = "<group>"; };
		7B0000012C00000000000083 /* TripDashboardView.swift */ = {isa = PBXFileReference; lastKnownFileType = sourcecode.swift; path = TripDashboardView.swift; sourceTree = "<group>"; };
		7B0000012C00000000000084 /* TripSummaryView.swift */ = {isa = PBXFileReference; lastKnownFileType = sourcecode.swift; path = TripSummaryView.swift; sourceTree = "<group>"; };
		7B0000012C00000000000085 /* ExpenseViews.swift */ = {isa = PBXFileReference; lastKnownFileType = sourcecode.swift; path = ExpenseViews.swift; sourceTree = "<group>"; };
		7B0000012C00000000000086 /* PeopleViews.swift */ = {isa = PBXFileReference; lastKnownFileType = sourcecode.swift; path = PeopleViews.swift; sourceTree = "<group>"; };
		7B0000012C00000000000087 /* TripForms.swift */ = {isa = PBXFileReference; lastKnownFileType = sourcecode.swift; path = TripForms.swift; sourceTree = "<group>"; };
		7B0000012C00000000000088 /* SharedViews.swift */ = {isa = PBXFileReference; lastKnownFileType = sourcecode.swift; path = SharedViews.swift; sourceTree = "<group>"; };
		7B0000012C00000000000089 /* TripPlacesView.swift */ = {isa = PBXFileReference; lastKnownFileType = sourcecode.swift; path = TripPlacesView.swift; sourceTree = "<group>"; };
		7B0000012C0000000000008A /* TripPlanningView.swift */ = {isa = PBXFileReference; lastKnownFileType = sourcecode.swift; path = TripPlanningView.swift; sourceTree = "<group>"; };
		7B0000012C0000000000008C /* TripCollaborationModelsTests.swift */ = {isa = PBXFileReference; lastKnownFileType = sourcecode.swift; path = TripCollaborationModelsTests.swift; sourceTree = "<group>"; };
		7B0000012C0000000000008E /* TripCollaborationModels.swift */ = {isa = PBXFileReference; lastKnownFileType = sourcecode.swift; path = TripCollaborationModels.swift; sourceTree = "<group>"; };
/* End PBXFileReference section */

/* Begin PBXFrameworksBuildPhase section */
		7B0000012C00000000000021 /* Frameworks */ = {
			isa = PBXFrameworksBuildPhase;
			buildActionMask = 2147483647;
			files = (
				7B0000012C00000000000068 /* Supabase in Frameworks */,
			);
			runOnlyForDeploymentPostprocessing = 0;
		};
		7B0000012C00000000000022 /* Frameworks */ = {
			isa = PBXFrameworksBuildPhase;
			buildActionMask = 2147483647;
			files = (
			);
			runOnlyForDeploymentPostprocessing = 0;
		};
/* End PBXFrameworksBuildPhase section */

/* Begin PBXGroup section */
		7B0000012C00000000000023 = {
			isa = PBXGroup;
			children = (
				7B0000012C00000000000024 /* GroupTripApp */,
				7B0000012C00000000000025 /* GroupTripAppTests */,
				7B0000012C00000000000026 /* Products */,
			);
			sourceTree = "<group>";
		};
		7B0000012C00000000000024 /* GroupTripApp */ = {
			isa = PBXGroup;
			children = (
				7B0000012C00000000000011 /* GroupTripApp.swift */,
				7B0000012C00000000000064 /* SupabaseConfig.swift */,
				7B0000012C00000000000065 /* AuthViewModel.swift */,
				7B0000012C00000000000066 /* AuthViews.swift */,
				7B0000012C00000000000067 /* SupabaseTripService.swift */,
				7B0000012C00000000000012 /* ContentView.swift */,
				7B0000012C00000000000080 /* TripStore.swift */,
				7B0000012C00000000000081 /* TripModels.swift */,
				7B0000012C0000000000008E /* TripCollaborationModels.swift */,
				7B0000012C00000000000082 /* AppTheme.swift */,
				7B0000012C00000000000083 /* TripDashboardView.swift */,
				7B0000012C00000000000084 /* TripSummaryView.swift */,
				7B0000012C00000000000089 /* TripPlacesView.swift */,
				7B0000012C0000000000008A /* TripPlanningView.swift */,
				7B0000012C00000000000085 /* ExpenseViews.swift */,
				7B0000012C00000000000086 /* PeopleViews.swift */,
				7B0000012C00000000000087 /* TripForms.swift */,
				7B0000012C00000000000088 /* SharedViews.swift */,
				7B0000012C00000000000013 /* TripExpenseCalculator.swift */,
				7B0000012C00000000000014 /* TripCalculatorViewModel.swift */,
			);
			path = GroupTripApp;
			sourceTree = "<group>";
		};
		7B0000012C00000000000025 /* GroupTripAppTests */ = {
			isa = PBXGroup;
			children = (
				7B0000012C00000000000016 /* TripExpenseCalculatorTests.swift */,
				7B0000012C0000000000008C /* TripCollaborationModelsTests.swift */,
			);
			path = GroupTripAppTests;
			sourceTree = "<group>";
		};
		7B0000012C00000000000026 /* Products */ = {
			isa = PBXGroup;
			children = (
				7B0000012C00000000000008 /* GroupTripApp.app */,
				7B0000012C00000000000009 /* GroupTripAppTests.xctest */,
			);
			name = Products;
			sourceTree = "<group>";
		};
/* End PBXGroup section */

/* Begin PBXNativeTarget section */
		7B0000012C00000000000030 /* GroupTripApp */ = {
			isa = PBXNativeTarget;
			buildConfigurationList = 7B0000012C00000000000040 /* Build configuration list for PBXNativeTarget "GroupTripApp" */;
			buildPhases = (
				7B0000012C00000000000031 /* Sources */,
				7B0000012C00000000000021 /* Frameworks */,
				7B0000012C00000000000032 /* Resources */,
			);
			buildRules = (
			);
			dependencies = (
			);
			name = GroupTripApp;
			packageProductDependencies = (
				7B0000012C0000000000006A /* Supabase */,
			);
			productName = GroupTripApp;
			productReference = 7B0000012C00000000000008 /* GroupTripApp.app */;
			productType = "com.apple.product-type.application";
		};
		7B0000012C00000000000033 /* GroupTripAppTests */ = {
			isa = PBXNativeTarget;
			buildConfigurationList = 7B0000012C00000000000041 /* Build configuration list for PBXNativeTarget "GroupTripAppTests" */;
			buildPhases = (
				7B0000012C00000000000034 /* Sources */,
				7B0000012C00000000000022 /* Frameworks */,
				7B0000012C00000000000035 /* Resources */,
			);
			buildRules = (
			);
			dependencies = (
				7B0000012C00000000000036 /* PBXTargetDependency */,
			);
			name = GroupTripAppTests;
			productName = GroupTripAppTests;
			productReference = 7B0000012C00000000000009 /* GroupTripAppTests.xctest */;
			productType = "com.apple.product-type.bundle.unit-test";
		};
/* End PBXNativeTarget section */

/* Begin PBXProject section */
		7B0000012C00000000000020 /* Project object */ = {
			isa = PBXProject;
			attributes = {
				BuildIndependentTargetsInParallel = 1;
				LastSwiftUpdateCheck = 1600;
				LastUpgradeCheck = 1600;
				TargetAttributes = {
					7B0000012C00000000000030 = {
						CreatedOnToolsVersion = 16.0;
					};
					7B0000012C00000000000033 = {
						CreatedOnToolsVersion = 16.0;
						TestTargetID = 7B0000012C00000000000030;
					};
				};
			};
			buildConfigurationList = 7B0000012C00000000000042 /* Build configuration list for PBXProject "GroupTripApp" */;
			compatibilityVersion = "Xcode 16.0";
			developmentRegion = en;
			hasScannedForEncodings = 0;
			knownRegions = (
				en,
				Base,
			);
			mainGroup = 7B0000012C00000000000023;
			minimizedProjectReferenceProxies = 1;
			packageReferences = (
				7B0000012C00000000000069 /* XCRemoteSwiftPackageReference "supabase-swift" */,
			);
			productRefGroup = 7B0000012C00000000000026 /* Products */;
			projectDirPath = "";
			projectRoot = "";
			targets = (
				7B0000012C00000000000030 /* GroupTripApp */,
				7B0000012C00000000000033 /* GroupTripAppTests */,
			);
		};
/* End PBXProject section */

/* Begin PBXResourcesBuildPhase section */
		7B0000012C00000000000032 /* Resources */ = {
			isa = PBXResourcesBuildPhase;
			buildActionMask = 2147483647;
			files = (
			);
			runOnlyForDeploymentPostprocessing = 0;
		};
		7B0000012C00000000000035 /* Resources */ = {
			isa = PBXResourcesBuildPhase;
			buildActionMask = 2147483647;
			files = (
			);
			runOnlyForDeploymentPostprocessing = 0;
		};
/* End PBXResourcesBuildPhase section */

/* Begin PBXSourcesBuildPhase section */
		7B0000012C00000000000031 /* Sources */ = {
			isa = PBXSourcesBuildPhase;
			buildActionMask = 2147483647;
			files = (
				7B0000012C00000000000001 /* GroupTripApp.swift in Sources */,
				7B0000012C00000000000060 /* SupabaseConfig.swift in Sources */,
				7B0000012C00000000000061 /* AuthViewModel.swift in Sources */,
				7B0000012C00000000000062 /* AuthViews.swift in Sources */,
				7B0000012C00000000000063 /* SupabaseTripService.swift in Sources */,
				7B0000012C00000000000002 /* ContentView.swift in Sources */,
				7B0000012C00000000000070 /* TripStore.swift in Sources */,
				7B0000012C00000000000071 /* TripModels.swift in Sources */,
				7B0000012C0000000000008D /* TripCollaborationModels.swift in Sources */,
				7B0000012C00000000000072 /* AppTheme.swift in Sources */,
				7B0000012C00000000000073 /* TripDashboardView.swift in Sources */,
				7B0000012C00000000000074 /* TripSummaryView.swift in Sources */,
				7B0000012C00000000000079 /* TripPlacesView.swift in Sources */,
				7B0000012C0000000000007A /* TripPlanningView.swift in Sources */,
				7B0000012C00000000000075 /* ExpenseViews.swift in Sources */,
				7B0000012C00000000000076 /* PeopleViews.swift in Sources */,
				7B0000012C00000000000077 /* TripForms.swift in Sources */,
				7B0000012C00000000000078 /* SharedViews.swift in Sources */,
				7B0000012C00000000000003 /* TripExpenseCalculator.swift in Sources */,
				7B0000012C00000000000004 /* TripCalculatorViewModel.swift in Sources */,
			);
			runOnlyForDeploymentPostprocessing = 0;
		};
		7B0000012C00000000000034 /* Sources */ = {
			isa = PBXSourcesBuildPhase;
			buildActionMask = 2147483647;
			files = (
				7B0000012C00000000000006 /* TripExpenseCalculatorTests.swift in Sources */,
				7B0000012C0000000000008B /* TripCollaborationModelsTests.swift in Sources */,
			);
			runOnlyForDeploymentPostprocessing = 0;
		};
/* End PBXSourcesBuildPhase section */

/* Begin PBXTargetDependency section */
		7B0000012C00000000000036 /* PBXTargetDependency */ = {
			isa = PBXTargetDependency;
			target = 7B0000012C00000000000030 /* GroupTripApp */;
			targetProxy = 7B0000012C00000000000007 /* PBXContainerItemProxy */;
		};
/* End PBXTargetDependency section */

/* Begin XCBuildConfiguration section */
		7B0000012C00000000000050 /* Debug */ = {
			isa = XCBuildConfiguration;
			buildSettings = {
				ALWAYS_SEARCH_USER_PATHS = NO;
				CLANG_ANALYZER_NONNULL = YES;
				CLANG_ANALYZER_NUMBER_OBJECT_CONVERSION = YES_AGGRESSIVE;
				CLANG_CXX_LANGUAGE_STANDARD = "gnu++20";
				CLANG_ENABLE_MODULES = YES;
				CLANG_ENABLE_OBJC_ARC = YES;
				CLANG_ENABLE_OBJC_WEAK = YES;
				CLANG_WARN_BLOCK_CAPTURE_AUTORELEASING = YES;
				CLANG_WARN_BOOL_CONVERSION = YES;
				CLANG_WARN_COMMA = YES;
				CLANG_WARN_CONSTANT_CONVERSION = YES;
				CLANG_WARN_DEPRECATED_OBJC_IMPLEMENTATIONS = YES;
				CLANG_WARN_DIRECT_OBJC_ISA_USAGE = YES_ERROR;
				CLANG_WARN_DOCUMENTATION_COMMENTS = YES;
				CLANG_WARN_EMPTY_BODY = YES;
				CLANG_WARN_ENUM_CONVERSION = YES;
				CLANG_WARN_INFINITE_RECURSION = YES;
				CLANG_WARN_INT_CONVERSION = YES;
				CLANG_WARN_NON_LITERAL_NULL_CONVERSION = YES;
				CLANG_WARN_OBJC_IMPLICIT_RETAIN_SELF = YES;
				CLANG_WARN_OBJC_LITERAL_CONVERSION = YES;
				CLANG_WARN_OBJC_ROOT_CLASS = YES_ERROR;
				CLANG_WARN_QUOTED_INCLUDE_IN_FRAMEWORK_HEADER = YES;
				CLANG_WARN_RANGE_LOOP_ANALYSIS = YES;
				CLANG_WARN_STRICT_PROTOTYPES = YES;
				CLANG_WARN_SUSPICIOUS_MOVE = YES;
				CLANG_WARN_UNGUARDED_AVAILABILITY = YES_AGGRESSIVE;
				CLANG_WARN_UNREACHABLE_CODE = YES;
				CLANG_WARN__DUPLICATE_METHOD_MATCH = YES;
				COPY_PHASE_STRIP = NO;
				DEBUG_INFORMATION_FORMAT = dwarf;
				ENABLE_STRICT_OBJC_MSGSEND = YES;
				ENABLE_TESTABILITY = YES;
				ENABLE_USER_SCRIPT_SANDBOXING = YES;
				GCC_C_LANGUAGE_STANDARD = gnu17;
				GCC_DYNAMIC_NO_PIC = NO;
				GCC_NO_COMMON_BLOCKS = YES;
				GCC_OPTIMIZATION_LEVEL = 0;
				GCC_PREPROCESSOR_DEFINITIONS = (
					"DEBUG=1",
					"$(inherited)",
				);
				GCC_WARN_64_TO_32_BIT_CONVERSION = YES;
				GCC_WARN_ABOUT_RETURN_TYPE = YES_ERROR;
				GCC_WARN_UNDECLARED_SELECTOR = YES;
				GCC_WARN_UNINITIALIZED_AUTOS = YES_AGGRESSIVE;
				GCC_WARN_UNUSED_FUNCTION = YES;
				GCC_WARN_UNUSED_VARIABLE = YES;
				IPHONEOS_DEPLOYMENT_TARGET = 17.0;
				MTL_ENABLE_DEBUG_INFO = INCLUDE_SOURCE;
				MTL_FAST_MATH = YES;
				ONLY_ACTIVE_ARCH = YES;
				SDKROOT = iphoneos;
				SWIFT_ACTIVE_COMPILATION_CONDITIONS = DEBUG;
				SWIFT_OPTIMIZATION_LEVEL = "-Onone";
			};
			name = Debug;
		};
		7B0000012C00000000000051 /* Release */ = {
			isa = XCBuildConfiguration;
			buildSettings = {
				ALWAYS_SEARCH_USER_PATHS = NO;
				CLANG_ANALYZER_NONNULL = YES;
				CLANG_ANALYZER_NUMBER_OBJECT_CONVERSION = YES_AGGRESSIVE;
				CLANG_CXX_LANGUAGE_STANDARD = "gnu++20";
				CLANG_ENABLE_MODULES = YES;
				CLANG_ENABLE_OBJC_ARC = YES;
				CLANG_ENABLE_OBJC_WEAK = YES;
				CLANG_WARN_BLOCK_CAPTURE_AUTORELEASING = YES;
				CLANG_WARN_BOOL_CONVERSION = YES;
				CLANG_WARN_COMMA = YES;
				CLANG_WARN_CONSTANT_CONVERSION = YES;
				CLANG_WARN_DEPRECATED_OBJC_IMPLEMENTATIONS = YES;
				CLANG_WARN_DIRECT_OBJC_ISA_USAGE = YES_ERROR;
				CLANG_WARN_DOCUMENTATION_COMMENTS = YES;
				CLANG_WARN_EMPTY_BODY = YES;
				CLANG_WARN_ENUM_CONVERSION = YES;
				CLANG_WARN_INFINITE_RECURSION = YES;
				CLANG_WARN_INT_CONVERSION = YES;
				CLANG_WARN_NON_LITERAL_NULL_CONVERSION = YES;
				CLANG_WARN_OBJC_IMPLICIT_RETAIN_SELF = YES;
				CLANG_WARN_OBJC_LITERAL_CONVERSION = YES;
				CLANG_WARN_OBJC_ROOT_CLASS = YES_ERROR;
				CLANG_WARN_QUOTED_INCLUDE_IN_FRAMEWORK_HEADER = YES;
				CLANG_WARN_RANGE_LOOP_ANALYSIS = YES;
				CLANG_WARN_STRICT_PROTOTYPES = YES;
				CLANG_WARN_SUSPICIOUS_MOVE = YES;
				CLANG_WARN_UNGUARDED_AVAILABILITY = YES_AGGRESSIVE;
				CLANG_WARN_UNREACHABLE_CODE = YES;
				CLANG_WARN__DUPLICATE_METHOD_MATCH = YES;
				COPY_PHASE_STRIP = NO;
				DEBUG_INFORMATION_FORMAT = "dwarf-with-dsym";
				ENABLE_NS_ASSERTIONS = NO;
				ENABLE_STRICT_OBJC_MSGSEND = YES;
				ENABLE_USER_SCRIPT_SANDBOXING = YES;
				GCC_C_LANGUAGE_STANDARD = gnu17;
				GCC_NO_COMMON_BLOCKS = YES;
				GCC_WARN_64_TO_32_BIT_CONVERSION = YES;
				GCC_WARN_ABOUT_RETURN_TYPE = YES_ERROR;
				GCC_WARN_UNDECLARED_SELECTOR = YES;
				GCC_WARN_UNINITIALIZED_AUTOS = YES_AGGRESSIVE;
				GCC_WARN_UNUSED_FUNCTION = YES;
				GCC_WARN_UNUSED_VARIABLE = YES;
				IPHONEOS_DEPLOYMENT_TARGET = 17.0;
				MTL_ENABLE_DEBUG_INFO = NO;
				MTL_FAST_MATH = YES;
				SDKROOT = iphoneos;
				SWIFT_COMPILATION_MODE = wholemodule;
				SWIFT_OPTIMIZATION_LEVEL = "-O";
				VALIDATE_PRODUCT = YES;
			};
			name = Release;
		};
		7B0000012C00000000000052 /* Debug */ = {
			isa = XCBuildConfiguration;
			buildSettings = {
				CODE_SIGN_STYLE = Automatic;
				CURRENT_PROJECT_VERSION = 1;
				DEVELOPMENT_ASSET_PATHS = "";
				ENABLE_PREVIEWS = YES;
				GENERATE_INFOPLIST_FILE = YES;
				INFOPLIST_KEY_CFBundleDisplayName = Wanderaid;
				INFOPLIST_KEY_CFBundleURLTypes = "{\n    CFBundleTypeRole = Editor;\n    CFBundleURLName = \"com.sawjai.GroupTripApp.google\";\n    CFBundleURLSchemes = (\n        \"com.googleusercontent.apps.698662305037-53om03eo495ihep40hajtarku2bjgktp\"\n    );\n}";
				INFOPLIST_KEY_LSApplicationCategoryType = "public.app-category.travel";
				INFOPLIST_KEY_UIApplicationSceneManifest_Generation = YES;
				INFOPLIST_KEY_UIApplicationSupportsIndirectInputEvents = YES;
				INFOPLIST_KEY_UILaunchScreen_Generation = YES;
				INFOPLIST_KEY_UISupportedInterfaceOrientations_iPad = "UIInterfaceOrientationPortrait UIInterfaceOrientationPortraitUpsideDown UIInterfaceOrientationLandscapeLeft UIInterfaceOrientationLandscapeRight";
				INFOPLIST_KEY_UISupportedInterfaceOrientations_iPhone = "UIInterfaceOrientationPortrait UIInterfaceOrientationLandscapeLeft UIInterfaceOrientationLandscapeRight";
				IPHONEOS_DEPLOYMENT_TARGET = 17.0;
				MARKETING_VERSION = 1.0;
				PRODUCT_BUNDLE_IDENTIFIER = com.sawjai.GroupTripApp;
				PRODUCT_NAME = "$(TARGET_NAME)";
				SWIFT_EMIT_LOC_STRINGS = YES;
				SWIFT_VERSION = 5.0;
				TARGETED_DEVICE_FAMILY = "1,2";
			};
			name = Debug;
		};
		7B0000012C00000000000053 /* Release */ = {
			isa = XCBuildConfiguration;
			buildSettings = {
				CODE_SIGN_STYLE = Automatic;
				CURRENT_PROJECT_VERSION = 1;
				DEVELOPMENT_ASSET_PATHS = "";
				ENABLE_PREVIEWS = YES;
				GENERATE_INFOPLIST_FILE = YES;
				INFOPLIST_KEY_CFBundleDisplayName = Wanderaid;
				INFOPLIST_KEY_CFBundleURLTypes = "{\n    CFBundleTypeRole = Editor;\n    CFBundleURLName = \"com.sawjai.GroupTripApp.google\";\n    CFBundleURLSchemes = (\n        \"com.googleusercontent.apps.698662305037-53om03eo495ihep40hajtarku2bjgktp\"\n    );\n}";
				INFOPLIST_KEY_LSApplicationCategoryType = "public.app-category.travel";
				INFOPLIST_KEY_UIApplicationSceneManifest_Generation = YES;
				INFOPLIST_KEY_UIApplicationSupportsIndirectInputEvents = YES;
				INFOPLIST_KEY_UILaunchScreen_Generation = YES;
				INFOPLIST_KEY_UISupportedInterfaceOrientations_iPad = "UIInterfaceOrientationPortrait UIInterfaceOrientationPortraitUpsideDown UIInterfaceOrientationLandscapeLeft UIInterfaceOrientationLandscapeRight";
				INFOPLIST_KEY_UISupportedInterfaceOrientations_iPhone = "UIInterfaceOrientationPortrait UIInterfaceOrientationLandscapeLeft UIInterfaceOrientationLandscapeRight";
				IPHONEOS_DEPLOYMENT_TARGET = 17.0;
				MARKETING_VERSION = 1.0;
				PRODUCT_BUNDLE_IDENTIFIER = com.sawjai.GroupTripApp;
				PRODUCT_NAME = "$(TARGET_NAME)";
				SWIFT_EMIT_LOC_STRINGS = YES;
				SWIFT_VERSION = 5.0;
				TARGETED_DEVICE_FAMILY = "1,2";
			};
			name = Release;
		};
		7B0000012C00000000000054 /* Debug */ = {
			isa = XCBuildConfiguration;
			buildSettings = {
				BUNDLE_LOADER = "$(TEST_HOST)";
				CODE_SIGN_STYLE = Automatic;
				CURRENT_PROJECT_VERSION = 1;
				GENERATE_INFOPLIST_FILE = YES;
				IPHONEOS_DEPLOYMENT_TARGET = 17.0;
				MARKETING_VERSION = 1.0;
				PRODUCT_BUNDLE_IDENTIFIER = com.sawjai.GroupTripAppTests;
				PRODUCT_NAME = "$(TARGET_NAME)";
				SWIFT_VERSION = 5.0;
				TARGETED_DEVICE_FAMILY = "1,2";
				TEST_HOST = "$(BUILT_PRODUCTS_DIR)/GroupTripApp.app/$(BUNDLE_EXECUTABLE_FOLDER_PATH)/GroupTripApp";
			};
			name = Debug;
		};
		7B0000012C00000000000055 /* Release */ = {
			isa = XCBuildConfiguration;
			buildSettings = {
				BUNDLE_LOADER = "$(TEST_HOST)";
				CODE_SIGN_STYLE = Automatic;
				CURRENT_PROJECT_VERSION = 1;
				GENERATE_INFOPLIST_FILE = YES;
				IPHONEOS_DEPLOYMENT_TARGET = 17.0;
				MARKETING_VERSION = 1.0;
				PRODUCT_BUNDLE_IDENTIFIER = com.sawjai.GroupTripAppTests;
				PRODUCT_NAME = "$(TARGET_NAME)";
				SWIFT_VERSION = 5.0;
				TARGETED_DEVICE_FAMILY = "1,2";
				TEST_HOST = "$(BUILT_PRODUCTS_DIR)/GroupTripApp.app/$(BUNDLE_EXECUTABLE_FOLDER_PATH)/GroupTripApp";
			};
			name = Release;
		};
/* End XCBuildConfiguration section */

/* Begin XCConfigurationList section */
		7B0000012C00000000000040 /* Build configuration list for PBXNativeTarget "GroupTripApp" */ = {
			isa = XCConfigurationList;
			buildConfigurations = (
				7B0000012C00000000000052 /* Debug */,
				7B0000012C00000000000053 /* Release */,
			);
			defaultConfigurationIsVisible = 0;
			defaultConfigurationName = Release;
		};
		7B0000012C00000000000041 /* Build configuration list for PBXNativeTarget "GroupTripAppTests" */ = {
			isa = XCConfigurationList;
			buildConfigurations = (
				7B0000012C00000000000054 /* Debug */,
				7B0000012C00000000000055 /* Release */,
			);
			defaultConfigurationIsVisible = 0;
			defaultConfigurationName = Release;
		};
		7B0000012C00000000000042 /* Build configuration list for PBXProject "GroupTripApp" */ = {
			isa = XCConfigurationList;
			buildConfigurations = (
				7B0000012C00000000000050 /* Debug */,
				7B0000012C00000000000051 /* Release */,
			);
			defaultConfigurationIsVisible = 0;
			defaultConfigurationName = Release;
		};
/* End XCConfigurationList section */

/* Begin XCRemoteSwiftPackageReference section */
		7B0000012C00000000000069 /* XCRemoteSwiftPackageReference "supabase-swift" */ = {
			isa = XCRemoteSwiftPackageReference;
			repositoryURL = "https://github.com/supabase/supabase-swift.git";
			requirement = {
				kind = upToNextMajorVersion;
				minimumVersion = 2.0.0;
			};
		};
/* End XCRemoteSwiftPackageReference section */

/* Begin XCSwiftPackageProductDependency section */
		7B0000012C0000000000006A /* Supabase */ = {
			isa = XCSwiftPackageProductDependency;
			package = 7B0000012C00000000000069 /* XCRemoteSwiftPackageReference "supabase-swift" */;
			productName = Supabase;
		};
/* End XCSwiftPackageProductDependency section */
	};
	rootObject = 7B0000012C00000000000020 /* Project object */;
}
